
Microsoft Visual Studio Solution File, Format Version 12.00
# Visual Studio 15
Project("{FAE04EC0-301F-11D3-BF4B-00C04F79EFBC}") = "Assembly-CSharp-Editor", "Assembly-CSharp-Editor.csproj", "{703A3288-5CE0-1CEF-E9FB-F057EEA9BBAC}"
EndProject
Project("{FAE04EC0-301F-11D3-BF4B-00C04F79EFBC}") = "Assembly-CSharp", "Assembly-CSharp.csproj", "{ADDA17DE-51A8-DE72-DADB-80EFFA26B627}"
EndProject
Global
	GlobalSection(SolutionConfigurationPlatforms) = preSolution
		Debug|Any CPU = Debug|Any CPU
		Release|Any CPU = Release|Any CPU
	EndGlobalSection
	GlobalSection(ProjectConfigurationPlatforms) = postSolution
		{703A3288-5CE0-1CEF-E9FB-F057EEA9BBAC}.Debug|Any CPU.ActiveCfg = Debug|Any CPU
		{703A3288-5CE0-1CEF-E9FB-F057EEA9BBAC}.Debug|Any CPU.Build.0 = Debug|Any CPU
		{703A3288-5CE0-1CEF-E9FB-F057EEA9BBAC}.Release|Any CPU.ActiveCfg = Release|Any CPU
		{703A3288-5CE0-1CEF-E9FB-F057EEA9BBAC}.Release|Any CPU.Build.0 = Release|Any CPU
		{ADDA17DE-51A8-DE72-DADB-80EFFA26B627}.Debug|Any CPU.ActiveCfg = Debug|Any CPU
		{ADDA17DE-51A8-DE72-DADB-80EFFA26B627}.Debug|Any CPU.Build.0 = Debug|Any CPU
		{ADDA17DE-51A8-DE72-DADB-80EFFA26B627}.Release|Any CPU.ActiveCfg = Release|Any CPU
		{ADDA17DE-51A8-DE72-DADB-80EFFA26B627}.Release|Any CPU.Build.0 = Release|Any CPU
	EndGlobalSection
	GlobalSection(SolutionProperties) = preSolution
		HideSolutionNode = FALSE
	EndGlobalSection
EndGlobal
